// !$*UTF8*$!
{
	archiveVersion = 1;
	classes = {
	};
	objectVersion = 46;
	objects = {

/* Begin PBXBuildFile section */
		46A65BF42132CB2200CE0180 /* AppDelegate.swift in Sources */ = {isa = PBXBuildFile; fileRef = 46A65BF32132CB2200CE0180 /* AppDelegate.swift */; };
		46A65BF62132CB2200CE0180 /* ViewController.swift in Sources */ = {isa = PBXBuildFile; fileRef = 46A65BF52132CB2200CE0180 /* ViewController.swift */; };
		46A65BF92132CB2200CE0180 /* Main.storyboard in Resources */ = {isa = PBXBuildFile; fileRef = 46A65BF72132CB2200CE0180 /* Main.storyboard */; };
		46A65BFB2132CB2200CE0180 /* Assets.xcassets in Resources */ = {isa = PBXBuildFile; fileRef = 46A65BFA2132CB2200CE0180 /* Assets.xcassets */; };
		46A65BFE2132CB2200CE0180 /* LaunchScreen.storyboard in Resources */ = {isa = PBXBuildFile; fileRef = 46A65BFC2132CB2200CE0180 /* LaunchScreen.storyboard */; };
/* End PBXBuildFile section */

/* Begin PBXFileReference section */
		46A65BF02132CB2200CE0180 /* FirstGithubProject.app */ = {isa = PBXFileReference; explicitFileType = wrapper.application; includeInIndex = 0; path = FirstGithubProject.app; sourceTree = BUILT_PRODUCTS_DIR; };
		46A65BF32132CB2200CE0180 /* AppDelegate.swift */ = {isa = PBXFileReference; lastKnownFileType = sourcecode.swift; path = AppDelegate.swift; sourceTree = "<group>"; };
		46A65BF52132CB2200CE0180 /* ViewController.swift */ = {isa = PBXFileReference; lastKnownFileType = sourcecode.swift; path = ViewController.swift; sourceTree = "<group>"; };
		46A65BF82132CB2200CE0180 /* Base */ = {isa = PBXFileReference; lastKnownFileType = file.storyboard; name = Base; path = Base.lproj/Main.storyboard; sourceTree = "<group>"; };
		46A65BFA2132CB2200CE0180 /* Assets.xcassets */ = {isa = PBXFileReference; lastKnownFileType = folder.assetcatalog; path = Assets.xcassets; sourceTree = "<group>"; };
		46A65BFD2132CB2200CE0180 /* Base */ = {isa = PBXFileReference; lastKnownFileType = file.storyboard; name = Base; path = Base.lproj/LaunchScreen.storyboard; sourceTree = "<group>"; };
		46A65BFF2132CB2200CE0180 /* Info.plist */ = {isa = PBXFileReference; lastKnownFileType = text.plist.xml; path = Info.plist; sourceTree = "<group>"; };
/* End PBXFileReference section */

/* Begin PBXFrameworksBuildPhase section */
		46A65BED2132CB2200CE0180 /* Frameworks */ = {
			isa = PBXFrameworksBuildPhase;
			buildActionMask = 2147483647;
			files = (
			);
			runOnlyForDeploymentPostprocessing = 0;
		};
/* End PBXFrameworksBuildPhase section */

/* Begin PBXGroup section */
		46A65BE72132CB2200CE0180 = {
			isa = PBXGroup;
			children = (
				46A65BF22132CB2200CE0180 /* FirstGithubProject */,
				46A65BF12132CB2200CE0180 /* Products */,
			);
			sourceTree = "<group>";
		};
		46A65BF12132CB2200CE0180 /* Products */ = {
			isa = PBXGroup;
			children = (
				46A65BF02132CB2200CE0180 /* FirstGithubProject.app */,
			);
			name = Products;
			sourceTree = "<group>";
		};
		46A65BF22132CB2200CE0180 /* FirstGithubProject */ = {
			isa = PBXGroup;
			children = (
				46A65BF32132CB2200CE0180 /* AppDelegate.swift */,
				46A65BF52132CB2200CE0180 /* ViewController.swift */,
				46A65BF72132CB2200CE0180 /* Main.storyboard */,
				46A65BFA2132CB2200CE0180 /* Assets.xcassets */,
				46A65BFC2132CB2200CE0180 /* LaunchScreen.storyboard */,
				46A65BFF2132CB2200CE0180 /* Info.plist */,
			);
			path = FirstGithubProject;
			sourceTree = "<group>";
		};
/* End PBXGroup section */

/* Begin PBXNativeTarget section */
		46A65BEF2132CB2200CE0180 /* FirstGithubProject */ = {
			isa = PBXNativeTarget;
			buildConfigurationList = 46A65C022132CB2200CE0180 /* Build configuration list for PBXNativeTarget "FirstGithubProject" */;
			buildPhases = (
				46A65BEC2132CB2200CE0180 /* Sources */,
				46A65BED2132CB2200CE0180 /* Frameworks */,
				46A65BEE2132CB2200CE0180 /* Resources */,
			);
			buildRules = (
			);
			dependencies = (
			);
			name = FirstGithubProject;
			productName = FirstGithubProject;
			productReference = 46A65BF02132CB2200CE0180 /* FirstGithubProject.app */;
			productType = "com.apple.product-type.application";
		};
/* End PBXNativeTarget section */

/* Begin PBXProject section */
		46A65BE82132CB2200CE0180 /* Project object */ = {
			isa = PBXProject;
			attributes = {
				LastSwiftUpdateCheck = 0820;
				LastUpgradeCheck = 0820;
				ORGANIZATIONNAME = pmalik;
				TargetAttributes = {
					46A65BEF2132CB2200CE0180 = {
						CreatedOnToolsVersion = 8.2.1;
						ProvisioningStyle = Automatic;
					};
				};
			};
			buildConfigurationList = 46A65BEB2132CB2200CE0180 /* Build configuration list for PBXProject "FirstGithubProject" */;
			compatibilityVersion = "Xcode 3.2";
			developmentRegion = English;
			hasScannedForEncodings = 0;
			knownRegions = (
				en,
				Base,
			);
			mainGroup = 46A65BE72132CB2200CE0180;
			productRefGroup = 46A65BF12132CB2200CE0180 /* Products */;
			projectDirPath = "";
			projectRoot = "";
			targets = (
				46A65BEF2132CB2200CE0180 /* FirstGithubProject */,
			);
		};
/* End PBXProject section */

/* Begin PBXResourcesBuildPhase section */
		46A65BEE2132CB2200CE0180 /* Resources */ = {
			isa = PBXResourcesBuildPhase;
			buildActionMask = 2147483647;
			files = (
				46A65BFE2132CB2200CE0180 /* LaunchScreen.storyboard in Resources */,
				46A65BFB2132CB2200CE0180 /* Assets.xcassets in Resources */,
				46A65BF92132CB2200CE0180 /* Main.storyboard in Resources */,
			);
			runOnlyForDeploymentPostprocessing = 0;
		};
/* End PBXResourcesBuildPhase section */

/* Begin PBXSourcesBuildPhase section */
		46A65BEC2132CB2200CE0180 /* Sources */ = {
			isa = PBXSourcesBuildPhase;
			buildActionMask = 2147483647;
			files = (
				46A65BF62132CB2200CE0180 /* ViewController.swift in Sources */,
				46A65BF42132CB2200CE0180 /* AppDelegate.swift in Sources */,
			);
			runOnlyForDeploymentPostprocessing = 0;
		};
/* End PBXSourcesBuildPhase section */

/* Begin PBXVariantGroup section */
		46A65BF72132CB2200CE0180 /* Main.storyboard */ = {
			isa = PBXVariantGroup;
			children = (
				46A65BF82132CB2200CE0180 /* Base */,
			);
			name = Main.storyboard;
			sourceTree = "<group>";
		};
		46A65BFC2132CB2200CE0180 /* LaunchScreen.storyboard */ = {
			isa = PBXVariantGroup;
			children = (
				46A65BFD2132CB2200CE0180 /* Base */,
			);
			name = LaunchScreen.storyboard;
			sourceTree = "<group>";
		};
/* End PBXVariantGroup section */

/* Begin XCBuildConfiguration section */
		46A65C002132CB2200CE0180 /* Debug */ = {
			isa = XCBuildConfiguration;
			buildSettings = {
				ALWAYS_SEARCH_USER_PATHS = NO;
				CLANG_ANALYZER_NONNULL = YES;
				CLANG_CXX_LANGUAGE_STANDARD = "gnu++0x";
				CLANG_CXX_LIBRARY = "libc++";
				CLANG_ENABLE_MODULES = YES;
				CLANG_ENABLE_OBJC_ARC = YES;
				CLANG_WARN_BOOL_CONVERSION = YES;
				CLANG_WARN_CONSTANT_CONVERSION = YES;
				CLANG_WARN_DIRECT_OBJC_ISA_USAGE = YES_ERROR;
				CLANG_WARN_DOCUMENTATION_COMMENTS = YES;
				CLANG_WARN_EMPTY_BODY = YES;
				CLANG_WARN_ENUM_CONVERSION = YES;
				CLANG_WARN_INFINITE_RECURSION = YES;
				CLANG_WARN_INT_CONVERSION = YES;
				CLANG_WARN_OBJC_ROOT_CLASS = YES_ERROR;
				CLANG_WARN_SUSPICIOUS_MOVE = YES;
				CLANG_WARN_UNREACHABLE_CODE = YES;
				CLANG_WARN__DUPLICATE_METHOD_MATCH = YES;
				"CODE_SIGN_IDENTITY[sdk=iphoneos*]" = "iPhone Developer";
				COPY_PHASE_STRIP = NO;
				DEBUG_INFORMATION_FORMAT = dwarf;
				ENABLE_STRICT_OBJC_MSGSEND = YES;
				ENABLE_TESTABILITY = YES;
				GCC_C_LANGUAGE_STANDARD = gnu99;
				GCC_DYNAMIC_NO_PIC = NO;
				GCC_NO_COMMON_BLOCKS = YES;
				GCC_OPTIMIZATION_LEVEL = 0;
				GCC_PREPROCESSOR_DEFINITIONS = (
					"DEBUG=1",
					"$(inherited)",
				);
				GCC_WARN_64_TO_32_BIT_CONVERSION = YES;
				GCC_WARN_ABOUT_RETURN_TYPE = YES_ERROR;
				GCC_WARN_UNDECLARED_SELECTOR = YES;
				GCC_WARN_UNINITIALIZED_AUTOS = YES_AGGRESSIVE;
				GCC_WARN_UNUSED_FUNCTION = YES;
				GCC_WARN_UNUSED_VARIABLE = YES;
				IPHONEOS_DEPLOYMENT_TARGET = 10.2;
				MTL_ENABLE_DEBUG_INFO = YES;
				ONLY_ACTIVE_ARCH = YES;
				SDKROOT = iphoneos;
				SWIFT_ACTIVE_COMPILATION_CONDITIONS = DEBUG;
				SWIFT_OPTIMIZATION_LEVEL = "-Onone";
				TARGETED_DEVICE_FAMILY = "1,2";
			};
			name = Debug;
		};
		46A65C012132CB2200CE0180 /* Release */ = {
			isa = XCBuildConfiguration;
			buildSettings = {
				ALWAYS_SEARCH_USER_PATHS = NO;
				CLANG_ANALYZER_NONNULL = YES;
				CLANG_CXX_LANGUAGE_STANDARD = "gnu++0x";
				CLANG_CXX_LIBRARY = "libc++";
				CLANG_ENABLE_MODULES = YES;
				CLANG_ENABLE_OBJC_ARC = YES;
				CLANG_WARN_BOOL_CONVERSION = YES;
				CLANG_WARN_CONSTANT_CONVERSION = YES;
				CLANG_WARN_DIRECT_OBJC_ISA_USAGE = YES_ERROR;
				CLANG_WARN_DOCUMENTATION_COMMENTS = YES;
				CLANG_WARN_EMPTY_BODY = YES;
				CLANG_WARN_ENUM_CONVERSION = YES;
				CLANG_WARN_INFINITE_RECURSION = YES;
				CLANG_WARN_INT_CONVERSION = YES;
				CLANG_WARN_OBJC_ROOT_CLASS = YES_ERROR;
				CLANG_WARN_SUSPICIOUS_MOVE = YES;
				CLANG_WARN_UNREACHABLE_CODE = YES;
				CLANG_WARN__DUPLICATE_METHOD_MATCH = YES;
				"CODE_SIGN_IDENTITY[sdk=iphoneos*]" = "iPhone Developer";
				COPY_PHASE_STRIP = NO;
				DEBUG_INFORMATION_FORMAT = "dwarf-with-dsym";
				ENABLE_NS_ASSERTIONS = NO;
				ENABLE_STRICT_OBJC_MSGSEND = YES;
				GCC_C_LANGUAGE_STANDARD = gnu99;
				GCC_NO_COMMON_BLOCKS = YES;
				GCC_WARN_64_TO_32_BIT_CONVERSION = YES;
				GCC_WARN_ABOUT_RETURN_TYPE = YES_ERROR;
				GCC_WARN_UNDECLARED_SELECTOR = YES;
				GCC_WARN_UNINITIALIZED_AUTOS = YES_AGGRESSIVE;
				GCC_WARN_UNUSED_FUNCTION = YES;
				GCC_WARN_UNUSED_VARIABLE = YES;
				IPHONEOS_DEPLOYMENT_TARGET = 10.2;
				MTL_ENABLE_DEBUG_INFO = NO;
				SDKROOT = iphoneos;
				SWIFT_OPTIMIZATION_LEVEL = "-Owholemodule";
				TARGETED_DEVICE_FAMILY = "1,2";
				VALIDATE_PRODUCT = YES;
			};
			name = Release;
		};
		46A65C032132CB2200CE0180 /* Debug */ = {
			isa = XCBuildConfiguration;
			buildSettings = {
				ASSETCATALOG_COMPILER_APPICON_NAME = AppIcon;
				INFOPLIST_FILE = FirstGithubProject/Info.plist;
				LD_RUNPATH_SEARCH_PATHS = "$(inherited) @executable_path/Frameworks";
				PRODUCT_BUNDLE_IDENTIFIER = com.pmalik.FirstGithubProject;
				PRODUCT_NAME = "$(TARGET_NAME)";
				SWIFT_VERSION = 3.0;
			};
			name = Debug;
		};
		46A65C042132CB2200CE0180 /* Release */ = {
			isa = XCBuildConfiguration;
			buildSettings = {
				ASSETCATALOG_COMPILER_APPICON_NAME = AppIcon;
				INFOPLIST_FILE = FirstGithubProject/Info.plist;
				LD_RUNPATH_SEARCH_PATHS = "$(inherited) @executable_path/Frameworks";
				PRODUCT_BUNDLE_IDENTIFIER = com.pmalik.FirstGithubProject;
				PRODUCT_NAME = "$(TARGET_NAME)";
				SWIFT_VERSION = 3.0;
			};
			name = Release;
		};
/* End XCBuildConfiguration section */

/* Begin XCConfigurationList section */
		46A65BEB2132CB2200CE0180 /* Build configuration list for PBXProject "FirstGithubProject" */ = {
			isa = XCConfigurationList;
			buildConfigurations = (
				46A65C002132CB2200CE0180 /* Debug */,
				46A65C012132CB2200CE0180 /* Release */,
			);
			defaultConfigurationIsVisible = 0;
			defaultConfigurationName = Release;
		};
		46A65C022132CB2200CE0180 /* Build configuration list for PBXNativeTarget "FirstGithubProject" */ = {
			isa = XCConfigurationList;
			buildConfigurations = (
				46A65C032132CB2200CE0180 /* Debug */,
				46A65C042132CB2200CE0180 /* Release */,
			);
			defaultConfigurationIsVisible = 0;
		};
/* End XCConfigurationList section */
	};
	rootObject = 46A65BE82132CB2200CE0180 /* Project object */;
}
